
Microsoft Visual Studio Solution File, Format Version 12.00
# Visual Studio Version 16
VisualStudioVersion = 16.0.31624.102
MinimumVisualStudioVersion = 10.0.40219.1
Project("{FAE04EC0-301F-11D3-BF4B-00C04F79EFBC}") = "Леарн", "Леарн\Леарн.csproj", "{5B5E9563-7D47-4EC5-A734-EE1E316D7E48}"
EndProject
Global
	GlobalSection(SolutionConfigurationPlatforms) = preSolution
		Debug|Any CPU = Debug|Any CPU
		Release|Any CPU = Release|Any CPU
	EndGlobalSection
	GlobalSection(ProjectConfigurationPlatforms) = postSolution
		{5B5E9563-7D47-4EC5-A734-EE1E316D7E48}.Debug|Any CPU.ActiveCfg = Debug|Any CPU
		{5B5E9563-7D47-4EC5-A734-EE1E316D7E48}.Debug|Any CPU.Build.0 = Debug|Any CPU
		{5B5E9563-7D47-4EC5-A734-EE1E316D7E48}.Release|Any CPU.ActiveCfg = Release|Any CPU
		{5B5E9563-7D47-4EC5-A734-EE1E316D7E48}.Release|Any CPU.Build.0 = Release|Any CPU
	EndGlobalSection
	GlobalSection(SolutionProperties) = preSolution
		HideSolutionNode = FALSE
	EndGlobalSection
	GlobalSection(ExtensibilityGlobals) = postSolution
		SolutionGuid = {DAC22E12-4315-4697-81ED-7EDD03F3C898}
	EndGlobalSection
EndGlobal
